
Microsoft Visual Studio Solution File, Format Version 12.00
# Visual Studio Version 17
VisualStudioVersion = 17.9.34728.123
MinimumVisualStudioVersion = 10.0.40219.1
Project("{FAE04EC0-301F-11D3-BF4B-00C04F79EFBC}") = "Expense Tracker", "Expense Tracker\Expense Tracker.csproj", "{F0D7FA14-7686-4BF2-8918-AB6AFD964079}"
EndProject
Project("{2150E333-8FDC-42A3-9474-1A3956D46DE8}") = "Solution Items", "Solution Items", "{199C6F35-BCA8-4150-B0B3-B4030353B76E}"
	ProjectSection(SolutionItems) = preProject
		.editorconfig = .editorconfig
	EndProjectSection
EndProject
Global
	GlobalSection(SolutionConfigurationPlatforms) = preSolution
		Debug|Any CPU = Debug|Any CPU
		Release|Any CPU = Release|Any CPU
	EndGlobalSection
	GlobalSection(ProjectConfigurationPlatforms) = postSolution
		{F0D7FA14-7686-4BF2-8918-AB6AFD964079}.Debug|Any CPU.ActiveCfg = Debug|Any CPU
		{F0D7FA14-7686-4BF2-8918-AB6AFD964079}.Debug|Any CPU.Build.0 = Debug|Any CPU
		{F0D7FA14-7686-4BF2-8918-AB6AFD964079}.Release|Any CPU.ActiveCfg = Release|Any CPU
		{F0D7FA14-7686-4BF2-8918-AB6AFD964079}.Release|Any CPU.Build.0 = Release|Any CPU
	EndGlobalSection
	GlobalSection(SolutionProperties) = preSolution
		HideSolutionNode = FALSE
	EndGlobalSection
	GlobalSection(ExtensibilityGlobals) = postSolution
		SolutionGuid = {3E291012-04DF-484F-A7D4-DBD004A6A87D}
	EndGlobalSection
EndGlobal
